
Microsoft Visual Studio Solution File, Format Version 12.00
# Visual Studio Version 16
VisualStudioVersion = 16.0.32413.511
MinimumVisualStudioVersion = 10.0.40219.1
Project("{2150E333-8FDC-42A3-9474-1A3956D46DE8}") = "Task0", "Task0", "{FDCF2656-3BB5-4FD2-A6D8-344E3A087166}"
EndProject
Project("{FAE04EC0-301F-11D3-BF4B-00C04F79EFBC}") = "Tyuiu.NikolaevaAN.Sprint0.Task0.V0", "Tyuiu.NikolaevaAN.Sprint0.Task0.V0\Tyuiu.NikolaevaAN.Sprint0.Task0.V0.csproj", "{5C82B40E-0C80-4C10-8195-DE8AA48387AB}"
EndProject
Project("{2150E333-8FDC-42A3-9474-1A3956D46DE8}") = "Task1", "Task1", "{1FC8A151-8C36-4012-85F9-A578B84459A1}"
EndProject
Project("{FAE04EC0-301F-11D3-BF4B-00C04F79EFBC}") = "Tyuiu.NikolaevaAN.Sprint0.Task1.V0", "Tyuiu.NikolaevaAN.Sprint0.Task1.V0\Tyuiu.NikolaevaAN.Sprint0.Task1.V0.csproj", "{532E7AF4-C4BC-4336-9C80-1034B5A7B1C7}"
EndProject
Project("{2150E333-8FDC-42A3-9474-1A3956D46DE8}") = "Task2", "Task2", "{9462790E-213C-46BE-A9B1-B5318C1932AE}"
EndProject
Project("{FAE04EC0-301F-11D3-BF4B-00C04F79EFBC}") = "Tyuiu.NikolaevaAN.Sprint0.Task2.V0", "Tyuiu.NikolaevaAN.Sprint0.Task2.V0\Tyuiu.NikolaevaAN.Sprint0.Task2.V0.csproj", "{F2BD3188-D300-40BC-A363-D45BC0976272}"
EndProject
Project("{FAE04EC0-301F-11D3-BF4B-00C04F79EFBC}") = "Tyuiu.NikolaevaAN.Sprint0.Task2.V0.Lib", "Tyuiu.NikolaevaAN.Sprint0.Task2.V0.Lib\Tyuiu.NikolaevaAN.Sprint0.Task2.V0.Lib.csproj", "{C876D82E-D6F3-444D-BEE8-766EF5CE31CB}"
EndProject
Project("{FAE04EC0-301F-11D3-BF4B-00C04F79EFBC}") = "Tyuiu.NikolaevaAN.Sprint0.Task2.V0.Test", "Tyuiu.NikolaevaAN.Sprint0.Task2.V0.Test\Tyuiu.NikolaevaAN.Sprint0.Task2.V0.Test.csproj", "{959163FA-DD28-4824-908F-D19F02889B76}"
EndProject
Project("{2150E333-8FDC-42A3-9474-1A3956D46DE8}") = "Task3", "Task3", "{73F915BF-383B-40D2-B62D-E5957A82ECE3}"
EndProject
Project("{FAE04EC0-301F-11D3-BF4B-00C04F79EFBC}") = "Tyuiu.NikolaevaAN.Sprint0.Task3.V0", "Tyuiu.NikolaevaAN.Sprint0.Task3.V0\Tyuiu.NikolaevaAN.Sprint0.Task3.V0.csproj", "{BB197590-0FCB-443E-8057-D484D46B29D3}"
EndProject
Project("{FAE04EC0-301F-11D3-BF4B-00C04F79EFBC}") = "Tyuiu.NikolaevaAN.Sprint0.Task3.V0.Lib", "Tyuiu.NikolaevaAN.Sprint0.Task3.V0.Lib\Tyuiu.NikolaevaAN.Sprint0.Task3.V0.Lib.csproj", "{FEB132AE-584D-441A-A522-62D70726B2D6}"
EndProject
Project("{FAE04EC0-301F-11D3-BF4B-00C04F79EFBC}") = "Tyuiu.NikolaevaAN.Sprint0.Task3.V0.Test", "Tyuiu.NikolaevaAN.Sprint0.Task3.V0.Test\Tyuiu.NikolaevaAN.Sprint0.Task3.V0.Test.csproj", "{49E308D1-222B-4617-ACC7-779BF64E7668}"
EndProject
Project("{2150E333-8FDC-42A3-9474-1A3956D46DE8}") = "Task4", "Task4", "{519B537D-6E1A-41A5-9656-6CBE92132C4B}"
EndProject
Project("{FAE04EC0-301F-11D3-BF4B-00C04F79EFBC}") = "Tyuiu.NikolaevaAN.Sprint0.Task4.V0", "Tyuiu.NikolaevaAN.Sprint0.Task4.V0\Tyuiu.NikolaevaAN.Sprint0.Task4.V0.csproj", "{102C6465-DD27-411E-8AE1-6AEF4AFC2777}"
EndProject
Project("{FAE04EC0-301F-11D3-BF4B-00C04F79EFBC}") = "Tyuiu.NikolaevaAN.Sprint0.Task4.V0.Lib", "Tyuiu.NikolaevaAN.Sprint0.Task4.V0.Lib\Tyuiu.NikolaevaAN.Sprint0.Task4.V0.Lib.csproj", "{77474C44-2360-4391-B0CF-41040CDA8D9B}"
EndProject
Project("{FAE04EC0-301F-11D3-BF4B-00C04F79EFBC}") = "Tyuiu.NikolaevaAN.Sprint0.Task4.V0.Test", "Tyuiu.NikolaevaAN.Sprint0.Task4.V0.Test\Tyuiu.NikolaevaAN.Sprint0.Task4.V0.Test.csproj", "{B660161D-6EB2-4462-BABA-1050387A3265}"
EndProject
Project("{2150E333-8FDC-42A3-9474-1A3956D46DE8}") = "Task5", "Task5", "{6E6FEB11-9A0E-443C-A4FA-F1C809007FA6}"
EndProject
Project("{FAE04EC0-301F-11D3-BF4B-00C04F79EFBC}") = "Tyuiu.NikolaevaAN.Sprint0.Task5.V0", "Tyuiu.NikolaevaAN.Sprint0.Task5.V0\Tyuiu.NikolaevaAN.Sprint0.Task5.V0.csproj", "{1CCEDA0B-43CF-4E17-BE84-7D19C1908A99}"
EndProject
Project("{FAE04EC0-301F-11D3-BF4B-00C04F79EFBC}") = "Tyuiu.NikolaevaAN.Sprint0.Task5.V0.Lib", "Tyuiu.NikolaevaAN.Sprint0.Task5.V0.Lib\Tyuiu.NikolaevaAN.Sprint0.Task5.V0.Lib.csproj", "{9330DEA0-D329-4AFA-AEA4-0E617864C29A}"
EndProject
Project("{FAE04EC0-301F-11D3-BF4B-00C04F79EFBC}") = "Tyuiu.NikolaevaAN.Sprint0.Task5.V0.Test", "Tyuiu.NikolaevaAN.Sprint0.Task5.V0.Test\Tyuiu.NikolaevaAN.Sprint0.Task5.V0.Test.csproj", "{1A205D68-0810-473C-8A72-479578045548}"
EndProject
Project("{2150E333-8FDC-42A3-9474-1A3956D46DE8}") = "Task6", "Task6", "{83B0BB07-EFA2-4D95-A26A-2CA438F5D0CF}"
EndProject
Project("{FAE04EC0-301F-11D3-BF4B-00C04F79EFBC}") = "Tyuiu.NikolaevaAN.Sprint0.Task6.V0", "Tyuiu.NikolaevaAN.Sprint0.Task6.V0\Tyuiu.NikolaevaAN.Sprint0.Task6.V0.csproj", "{8F8602C6-0D96-4EB1-A8E7-46DE0B4D03FF}"
EndProject
Project("{FAE04EC0-301F-11D3-BF4B-00C04F79EFBC}") = "Tyuiu.NikolaevaAN.Sprint0.Task6.V0.Lib", "Tyuiu.NikolaevaAN.Sprint0.Task6.V0.Lib\Tyuiu.NikolaevaAN.Sprint0.Task6.V0.Lib.csproj", "{50B2D90A-2B37-4F65-8575-5CD801E0155B}"
EndProject
Project("{FAE04EC0-301F-11D3-BF4B-00C04F79EFBC}") = "Tyuiu.NikolaevaAN.Sprint0.Task6.V0.Test", "Tyuiu.NikolaevaAN.Sprint0.Task6.V0.Test\Tyuiu.NikolaevaAN.Sprint0.Task6.V0.Test.csproj", "{A2ECC056-2D70-407A-A0DC-C0738881AD2B}"
EndProject
Project("{2150E333-8FDC-42A3-9474-1A3956D46DE8}") = "Task7", "Task7", "{AF0C795A-98C4-411B-9856-6C77CB07F899}"
EndProject
Project("{FAE04EC0-301F-11D3-BF4B-00C04F79EFBC}") = "Tyuiu.NikolaevaAN.Sprint0.Task7.V0", "Tyuiu.NikolaevaAN.Sprint0.Task7.V0\Tyuiu.NikolaevaAN.Sprint0.Task7.V0.csproj", "{A0E37726-7DBD-4482-B705-7A19F5CFEE06}"
EndProject
Project("{FAE04EC0-301F-11D3-BF4B-00C04F79EFBC}") = "Tyuiu.NikolaevaAN.Sprint0.Task7.V0.Lib", "Tyuiu.NikolaevaAN.Sprint0.Task7.V0.Lib\Tyuiu.NikolaevaAN.Sprint0.Task7.V0.Lib.csproj", "{B5FEF239-F9FF-4178-91BC-E88C2F00E9F6}"
EndProject
Project("{FAE04EC0-301F-11D3-BF4B-00C04F79EFBC}") = "Tyuiu.NikolaevaAN.Sprint0.Task7.V0.Test", "Tyuiu.NikolaevaAN.Sprint0.Task7.V0.Test\Tyuiu.NikolaevaAN.Sprint0.Task7.V0.Test.csproj", "{1BD997CD-288D-469A-85C1-CCB546C7F790}"
EndProject
Global
	GlobalSection(SolutionConfigurationPlatforms) = preSolution
		Debug|Any CPU = Debug|Any CPU
		Release|Any CPU = Release|Any CPU
	EndGlobalSection
	GlobalSection(ProjectConfigurationPlatforms) = postSolution
		{5C82B40E-0C80-4C10-8195-DE8AA48387AB}.Debug|Any CPU.ActiveCfg = Debug|Any CPU
		{5C82B40E-0C80-4C10-8195-DE8AA48387AB}.Debug|Any CPU.Build.0 = Debug|Any CPU
		{5C82B40E-0C80-4C10-8195-DE8AA48387AB}.Release|Any CPU.ActiveCfg = Release|Any CPU
		{5C82B40E-0C80-4C10-8195-DE8AA48387AB}.Release|Any CPU.Build.0 = Release|Any CPU
		{532E7AF4-C4BC-4336-9C80-1034B5A7B1C7}.Debug|Any CPU.ActiveCfg = Debug|Any CPU
		{532E7AF4-C4BC-4336-9C80-1034B5A7B1C7}.Debug|Any CPU.Build.0 = Debug|Any CPU
		{532E7AF4-C4BC-4336-9C80-1034B5A7B1C7}.Release|Any CPU.ActiveCfg = Release|Any CPU
		{532E7AF4-C4BC-4336-9C80-1034B5A7B1C7}.Release|Any CPU.Build.0 = Release|Any CPU
		{F2BD3188-D300-40BC-A363-D45BC0976272}.Debug|Any CPU.ActiveCfg = Debug|Any CPU
		{F2BD3188-D300-40BC-A363-D45BC0976272}.Debug|Any CPU.Build.0 = Debug|Any CPU
		{F2BD3188-D300-40BC-A363-D45BC0976272}.Release|Any CPU.ActiveCfg = Release|Any CPU
		{F2BD3188-D300-40BC-A363-D45BC0976272}.Release|Any CPU.Build.0 = Release|Any CPU
		{C876D82E-D6F3-444D-BEE8-766EF5CE31CB}.Debug|Any CPU.ActiveCfg = Debug|Any CPU
		{C876D82E-D6F3-444D-BEE8-766EF5CE31CB}.Debug|Any CPU.Build.0 = Debug|Any CPU
		{C876D82E-D6F3-444D-BEE8-766EF5CE31CB}.Release|Any CPU.ActiveCfg = Release|Any CPU
		{C876D82E-D6F3-444D-BEE8-766EF5CE31CB}.Release|Any CPU.Build.0 = Release|Any CPU
		{959163FA-DD28-4824-908F-D19F02889B76}.Debug|Any CPU.ActiveCfg = Debug|Any CPU
		{959163FA-DD28-4824-908F-D19F02889B76}.Debug|Any CPU.Build.0 = Debug|Any CPU
		{959163FA-DD28-4824-908F-D19F02889B76}.Release|Any CPU.ActiveCfg = Release|Any CPU
		{959163FA-DD28-4824-908F-D19F02889B76}.Release|Any CPU.Build.0 = Release|Any CPU
		{BB197590-0FCB-443E-8057-D484D46B29D3}.Debug|Any CPU.ActiveCfg = Debug|Any CPU
		{BB197590-0FCB-443E-8057-D484D46B29D3}.Debug|Any CPU.Build.0 = Debug|Any CPU
		{BB197590-0FCB-443E-8057-D484D46B29D3}.Release|Any CPU.ActiveCfg = Release|Any CPU
		{BB197590-0FCB-443E-8057-D484D46B29D3}.Release|Any CPU.Build.0 = Release|Any CPU
		{FEB132AE-584D-441A-A522-62D70726B2D6}.Debug|Any CPU.ActiveCfg = Debug|Any CPU
		{FEB132AE-584D-441A-A522-62D70726B2D6}.Debug|Any CPU.Build.0 = Debug|Any CPU
		{FEB132AE-584D-441A-A522-62D70726B2D6}.Release|Any CPU.ActiveCfg = Release|Any CPU
		{FEB132AE-584D-441A-A522-62D70726B2D6}.Release|Any CPU.Build.0 = Release|Any CPU
		{49E308D1-222B-4617-ACC7-779BF64E7668}.Debug|Any CPU.ActiveCfg = Debug|Any CPU
		{49E308D1-222B-4617-ACC7-779BF64E7668}.Debug|Any CPU.Build.0 = Debug|Any CPU
		{49E308D1-222B-4617-ACC7-779BF64E7668}.Release|Any CPU.ActiveCfg = Release|Any CPU
		{49E308D1-222B-4617-ACC7-779BF64E7668}.Release|Any CPU.Build.0 = Release|Any CPU
		{102C6465-DD27-411E-8AE1-6AEF4AFC2777}.Debug|Any CPU.ActiveCfg = Debug|Any CPU
		{102C6465-DD27-411E-8AE1-6AEF4AFC2777}.Debug|Any CPU.Build.0 = Debug|Any CPU
		{102C6465-DD27-411E-8AE1-6AEF4AFC2777}.Release|Any CPU.ActiveCfg = Release|Any CPU
		{102C6465-DD27-411E-8AE1-6AEF4AFC2777}.Release|Any CPU.Build.0 = Release|Any CPU
		{77474C44-2360-4391-B0CF-41040CDA8D9B}.Debug|Any CPU.ActiveCfg = Debug|Any CPU
		{77474C44-2360-4391-B0CF-41040CDA8D9B}.Debug|Any CPU.Build.0 = Debug|Any CPU
		{77474C44-2360-4391-B0CF-41040CDA8D9B}.Release|Any CPU.ActiveCfg = Release|Any CPU
		{77474C44-2360-4391-B0CF-41040CDA8D9B}.Release|Any CPU.Build.0 = Release|Any CPU
		{B660161D-6EB2-4462-BABA-1050387A3265}.Debug|Any CPU.ActiveCfg = Debug|Any CPU
		{B660161D-6EB2-4462-BABA-1050387A3265}.Debug|Any CPU.Build.0 = Debug|Any CPU
		{B660161D-6EB2-4462-BABA-1050387A3265}.Release|Any CPU.ActiveCfg = Release|Any CPU
		{B660161D-6EB2-4462-BABA-1050387A3265}.Release|Any CPU.Build.0 = Release|Any CPU
		{1CCEDA0B-43CF-4E17-BE84-7D19C1908A99}.Debug|Any CPU.ActiveCfg = Debug|Any CPU
		{1CCEDA0B-43CF-4E17-BE84-7D19C1908A99}.Debug|Any CPU.Build.0 = Debug|Any CPU
		{1CCEDA0B-43CF-4E17-BE84-7D19C1908A99}.Release|Any CPU.ActiveCfg = Release|Any CPU
		{1CCEDA0B-43CF-4E17-BE84-7D19C1908A99}.Release|Any CPU.Build.0 = Release|Any CPU
		{9330DEA0-D329-4AFA-AEA4-0E617864C29A}.Debug|Any CPU.ActiveCfg = Debug|Any CPU
		{9330DEA0-D329-4AFA-AEA4-0E617864C29A}.Debug|Any CPU.Build.0 = Debug|Any CPU
		{9330DEA0-D329-4AFA-AEA4-0E617864C29A}.Release|Any CPU.ActiveCfg = Release|Any CPU
		{9330DEA0-D329-4AFA-AEA4-0E617864C29A}.Release|Any CPU.Build.0 = Release|Any CPU
		{1A205D68-0810-473C-8A72-479578045548}.Debug|Any CPU.ActiveCfg = Debug|Any CPU
		{1A205D68-0810-473C-8A72-479578045548}.Debug|Any CPU.Build.0 = Debug|Any CPU
		{1A205D68-0810-473C-8A72-479578045548}.Release|Any CPU.ActiveCfg = Release|Any CPU
		{1A205D68-0810-473C-8A72-479578045548}.Release|Any CPU.Build.0 = Release|Any CPU
		{8F8602C6-0D96-4EB1-A8E7-46DE0B4D03FF}.Debug|Any CPU.ActiveCfg = Debug|Any CPU
		{8F8602C6-0D96-4EB1-A8E7-46DE0B4D03FF}.Debug|Any CPU.Build.0 = Debug|Any CPU
		{8F8602C6-0D96-4EB1-A8E7-46DE0B4D03FF}.Release|Any CPU.ActiveCfg = Release|Any CPU
		{8F8602C6-0D96-4EB1-A8E7-46DE0B4D03FF}.Release|Any CPU.Build.0 = Release|Any CPU
		{50B2D90A-2B37-4F65-8575-5CD801E0155B}.Debug|Any CPU.ActiveCfg = Debug|Any CPU
		{50B2D90A-2B37-4F65-8575-5CD801E0155B}.Debug|Any CPU.Build.0 = Debug|Any CPU
		{50B2D90A-2B37-4F65-8575-5CD801E0155B}.Release|Any CPU.ActiveCfg = Release|Any CPU
		{50B2D90A-2B37-4F65-8575-5CD801E0155B}.Release|Any CPU.Build.0 = Release|Any CPU
		{A2ECC056-2D70-407A-A0DC-C0738881AD2B}.Debug|Any CPU.ActiveCfg = Debug|Any CPU
		{A2ECC056-2D70-407A-A0DC-C0738881AD2B}.Debug|Any CPU.Build.0 = Debug|Any CPU
		{A2ECC056-2D70-407A-A0DC-C0738881AD2B}.Release|Any CPU.ActiveCfg = Release|Any CPU
		{A2ECC056-2D70-407A-A0DC-C0738881AD2B}.Release|Any CPU.Build.0 = Release|Any CPU
		{A0E37726-7DBD-4482-B705-7A19F5CFEE06}.Debug|Any CPU.ActiveCfg = Debug|Any CPU
		{A0E37726-7DBD-4482-B705-7A19F5CFEE06}.Debug|Any CPU.Build.0 = Debug|Any CPU
		{A0E37726-7DBD-4482-B705-7A19F5CFEE06}.Release|Any CPU.ActiveCfg = Release|Any CPU
		{A0E37726-7DBD-4482-B705-7A19F5CFEE06}.Release|Any CPU.Build.0 = Release|Any CPU
		{B5FEF239-F9FF-4178-91BC-E88C2F00E9F6}.Debug|Any CPU.ActiveCfg = Debug|Any CPU
		{B5FEF239-F9FF-4178-91BC-E88C2F00E9F6}.Debug|Any CPU.Build.0 = Debug|Any CPU
		{B5FEF239-F9FF-4178-91BC-E88C2F00E9F6}.Release|Any CPU.ActiveCfg = Release|Any CPU
		{B5FEF239-F9FF-4178-91BC-E88C2F00E9F6}.Release|Any CPU.Build.0 = Release|Any CPU
		{1BD997CD-288D-469A-85C1-CCB546C7F790}.Debug|Any CPU.ActiveCfg = Debug|Any CPU
		{1BD997CD-288D-469A-85C1-CCB546C7F790}.Debug|Any CPU.Build.0 = Debug|Any CPU
		{1BD997CD-288D-469A-85C1-CCB546C7F790}.Release|Any CPU.ActiveCfg = Release|Any CPU
		{1BD997CD-288D-469A-85C1-CCB546C7F790}.Release|Any CPU.Build.0 = Release|Any CPU
	EndGlobalSection
	GlobalSection(SolutionProperties) = preSolution
		HideSolutionNode = FALSE
	EndGlobalSection
	GlobalSection(NestedProjects) = preSolution
		{5C82B40E-0C80-4C10-8195-DE8AA48387AB} = {FDCF2656-3BB5-4FD2-A6D8-344E3A087166}
		{532E7AF4-C4BC-4336-9C80-1034B5A7B1C7} = {1FC8A151-8C36-4012-85F9-A578B84459A1}
		{F2BD3188-D300-40BC-A363-D45BC0976272} = {9462790E-213C-46BE-A9B1-B5318C1932AE}
		{C876D82E-D6F3-444D-BEE8-766EF5CE31CB} = {9462790E-213C-46BE-A9B1-B5318C1932AE}
		{959163FA-DD28-4824-908F-D19F02889B76} = {9462790E-213C-46BE-A9B1-B5318C1932AE}
		{BB197590-0FCB-443E-8057-D484D46B29D3} = {73F915BF-383B-40D2-B62D-E5957A82ECE3}
		{FEB132AE-584D-441A-A522-62D70726B2D6} = {73F915BF-383B-40D2-B62D-E5957A82ECE3}
		{49E308D1-222B-4617-ACC7-779BF64E7668} = {73F915BF-383B-40D2-B62D-E5957A82ECE3}
		{102C6465-DD27-411E-8AE1-6AEF4AFC2777} = {519B537D-6E1A-41A5-9656-6CBE92132C4B}
		{77474C44-2360-4391-B0CF-41040CDA8D9B} = {519B537D-6E1A-41A5-9656-6CBE92132C4B}
		{B660161D-6EB2-4462-BABA-1050387A3265} = {519B537D-6E1A-41A5-9656-6CBE92132C4B}
		{1CCEDA0B-43CF-4E17-BE84-7D19C1908A99} = {6E6FEB11-9A0E-443C-A4FA-F1C809007FA6}
		{9330DEA0-D329-4AFA-AEA4-0E617864C29A} = {6E6FEB11-9A0E-443C-A4FA-F1C809007FA6}
		{1A205D68-0810-473C-8A72-479578045548} = {6E6FEB11-9A0E-443C-A4FA-F1C809007FA6}
		{8F8602C6-0D96-4EB1-A8E7-46DE0B4D03FF} = {83B0BB07-EFA2-4D95-A26A-2CA438F5D0CF}
		{50B2D90A-2B37-4F65-8575-5CD801E0155B} = {83B0BB07-EFA2-4D95-A26A-2CA438F5D0CF}
		{A2ECC056-2D70-407A-A0DC-C0738881AD2B} = {83B0BB07-EFA2-4D95-A26A-2CA438F5D0CF}
		{A0E37726-7DBD-4482-B705-7A19F5CFEE06} = {AF0C795A-98C4-411B-9856-6C77CB07F899}
		{B5FEF239-F9FF-4178-91BC-E88C2F00E9F6} = {AF0C795A-98C4-411B-9856-6C77CB07F899}
		{1BD997CD-288D-469A-85C1-CCB546C7F790} = {AF0C795A-98C4-411B-9856-6C77CB07F899}
	EndGlobalSection
	GlobalSection(ExtensibilityGlobals) = postSolution
		SolutionGuid = {57F8E576-0C0D-4254-80A4-572FCF5759E8}
	EndGlobalSection
EndGlobal
